apiVersion: v1
kind: PersistentVolumeClaim
metadata:
  name: my-claim
spec:
  volumeMode: Block
  accessModes:
    - ReadWriteOnce
  resources:
    requests:
      storage: 10Gi

---
        
kind: Pod
apiVersion: v1
metadata:
  name: my-pod
  labels:
    release: stable
spec:
  containers:
    - name: my-frontend
      image: nginx
      ports:
      - containerPort: 80
      #command: ["printenv"]
      #args: ["HOSTNAME", "KUBERNETES_PORT"]
      volumeMounts:
      - mountPath: "/var/www/html"  #a /dev/sdb get mounted on /var/www/html (df -lh)
        name: public-www
  volumes:
    - name: public-www
      persistentVolumeClaim:
        claimName: my-claim